
Microsoft Visual Studio Solution File, Format Version 12.00
# Visual Studio Version 17
VisualStudioVersion = 17.4.33213.308
MinimumVisualStudioVersion = 10.0.40219.1
Project("{FAE04EC0-301F-11D3-BF4B-00C04F79EFBC}") = "BFFPocApi", "BFFPocApi\BFFPocApi.csproj", "{7B74A40E-3D35-4B8A-BAA8-40C2440EDF24}"
EndProject
Global
	GlobalSection(SolutionConfigurationPlatforms) = preSolution
		Debug|Any CPU = Debug|Any CPU
		Release|Any CPU = Release|Any CPU
	EndGlobalSection
	GlobalSection(ProjectConfigurationPlatforms) = postSolution
		{7B74A40E-3D35-4B8A-BAA8-40C2440EDF24}.Debug|Any CPU.ActiveCfg = Debug|Any CPU
		{7B74A40E-3D35-4B8A-BAA8-40C2440EDF24}.Debug|Any CPU.Build.0 = Debug|Any CPU
		{7B74A40E-3D35-4B8A-BAA8-40C2440EDF24}.Release|Any CPU.ActiveCfg = Release|Any CPU
		{7B74A40E-3D35-4B8A-BAA8-40C2440EDF24}.Release|Any CPU.Build.0 = Release|Any CPU
	EndGlobalSection
	GlobalSection(SolutionProperties) = preSolution
		HideSolutionNode = FALSE
	EndGlobalSection
	GlobalSection(ExtensibilityGlobals) = postSolution
		SolutionGuid = {8DAC7042-9BB4-44B1-B80A-894A5DEF2106}
	EndGlobalSection
EndGlobal
